
Microsoft Visual Studio Solution File, Format Version 12.00
# Visual Studio Version 17
VisualStudioVersion = 17.0.31903.59
MinimumVisualStudioVersion = 10.0.40219.1
Project("{2150E333-8FDC-42A3-9474-1A3956D46DE8}") = "apps", "apps", "{1787FE1D-075E-9E68-7218-25F1BD1BBEAB}"
EndProject
Project("{FAE04EC0-301F-11D3-BF4B-00C04F79EFBC}") = "MAK3R.PWA", "apps\MAK3R.PWA\MAK3R.PWA.csproj", "{EBBDD105-4DFE-4F1C-B830-1E8CC82B76F6}"
EndProject
Project("{FAE04EC0-301F-11D3-BF4B-00C04F79EFBC}") = "MAK3R.Api", "services\MAK3R.Api\MAK3R.Api.csproj", "{3CB57C15-6BBA-4121-9F3B-F70F2F5AA2DD}"
EndProject
Project("{FAE04EC0-301F-11D3-BF4B-00C04F79EFBC}") = "MAK3R.Simulators", "services\MAK3R.Simulators\MAK3R.Simulators.csproj", "{01D98CBE-624E-472B-A311-D1ADF7711E61}"
EndProject
Project("{2150E333-8FDC-42A3-9474-1A3956D46DE8}") = "libs", "libs", "{6C4D298B-81FB-2B6B-5AB6-46205EDDC72C}"
EndProject
Project("{FAE04EC0-301F-11D3-BF4B-00C04F79EFBC}") = "MAK3R.Anomalies", "libs\MAK3R.Anomalies\MAK3R.Anomalies.csproj", "{2C9C6774-DE68-4B0B-89F5-7AD0AAC77D91}"
EndProject
Project("{FAE04EC0-301F-11D3-BF4B-00C04F79EFBC}") = "MAK3R.Content", "libs\MAK3R.Content\MAK3R.Content.csproj", "{D33993F7-CE00-4D45-9C24-46AC9CE03BA5}"
EndProject
Project("{FAE04EC0-301F-11D3-BF4B-00C04F79EFBC}") = "MAK3R.Core", "libs\MAK3R.Core\MAK3R.Core.csproj", "{05C76F80-569E-4572-96E2-1AAD9669399D}"
EndProject
Project("{FAE04EC0-301F-11D3-BF4B-00C04F79EFBC}") = "MAK3R.Data", "libs\MAK3R.Data\MAK3R.Data.csproj", "{782495FF-7FF8-4ED6-B1DE-6882FC49A238}"
EndProject
Project("{FAE04EC0-301F-11D3-BF4B-00C04F79EFBC}") = "MAK3R.DigitalTwin", "libs\MAK3R.DigitalTwin\MAK3R.DigitalTwin.csproj", "{DCCFD1D6-C079-4256-A2BE-58C0A5EC4B25}"
EndProject
Project("{FAE04EC0-301F-11D3-BF4B-00C04F79EFBC}") = "MAK3R.Identity", "libs\MAK3R.Identity\MAK3R.Identity.csproj", "{7B4478A3-B683-42BA-8BB5-F208CF17B16F}"
EndProject
Project("{FAE04EC0-301F-11D3-BF4B-00C04F79EFBC}") = "MAK3R.Ingestion", "libs\MAK3R.Ingestion\MAK3R.Ingestion.csproj", "{AD4724A4-70C0-47EF-A484-29FB292C3623}"
EndProject
Project("{FAE04EC0-301F-11D3-BF4B-00C04F79EFBC}") = "MAK3R.Messaging", "libs\MAK3R.Messaging\MAK3R.Messaging.csproj", "{0ADE638C-B42A-42FF-AAE8-163060145E75}"
EndProject
Project("{FAE04EC0-301F-11D3-BF4B-00C04F79EFBC}") = "MAK3R.Shared", "libs\MAK3R.Shared\MAK3R.Shared.csproj", "{DFF8C6CA-933A-453B-889D-E8F219D3B89E}"
EndProject
Project("{FAE04EC0-301F-11D3-BF4B-00C04F79EFBC}") = "MAK3R.UI", "libs\MAK3R.UI\MAK3R.UI.csproj", "{8FC5D922-2E1D-481A-AEC4-668867D74F18}"
EndProject
Project("{2150E333-8FDC-42A3-9474-1A3956D46DE8}") = "tests", "tests", "{0AB3BF05-4346-4AA6-1389-037BE0695223}"
EndProject
Project("{FAE04EC0-301F-11D3-BF4B-00C04F79EFBC}") = "MAK3R.IntegrationTests", "tests\MAK3R.IntegrationTests\MAK3R.IntegrationTests.csproj", "{3190BBBE-7660-4199-BE02-58812FC60E14}"
EndProject
Project("{FAE04EC0-301F-11D3-BF4B-00C04F79EFBC}") = "MAK3R.PlaywrightTests", "tests\MAK3R.PlaywrightTests\MAK3R.PlaywrightTests.csproj", "{6C2AD26F-9397-4BA7-AEF7-BC9751F85FBB}"
EndProject
Project("{FAE04EC0-301F-11D3-BF4B-00C04F79EFBC}") = "MAK3R.UnitTests", "tests\MAK3R.UnitTests\MAK3R.UnitTests.csproj", "{7F72B974-896D-488F-BB4B-69ABE265BD45}"
EndProject
Project("{2150E333-8FDC-42A3-9474-1A3956D46DE8}") = "mcps", "mcps", "{77DA436F-B913-54C6-4512-50CB3401CD86}"
EndProject
Project("{FAE04EC0-301F-11D3-BF4B-00C04F79EFBC}") = "MAK3R.Connectors.Abstractions", "mcps\MAK3R.Connectors.Abstractions\MAK3R.Connectors.Abstractions.csproj", "{E8BB5FDE-1E5D-4E54-A058-0166F9AEE5CA}"
EndProject
Project("{FAE04EC0-301F-11D3-BF4B-00C04F79EFBC}") = "MAK3R.Connectors", "mcps\MAK3R.Connectors\MAK3R.Connectors.csproj", "{3675DAF6-05D0-409B-825A-CC47F3CF8B25}"
EndProject
Project("{FAE04EC0-301F-11D3-BF4B-00C04F79EFBC}") = "MAK3R.Connectors.Shopify", "mcps\MAK3R.Connectors.Shopify\MAK3R.Connectors.Shopify.csproj", "{5E4B9F0A-21DC-432D-9EE9-30A9D51E1BEC}"
EndProject
Project("{FAE04EC0-301F-11D3-BF4B-00C04F79EFBC}") = "MAK3R.Connectors.NetSuite", "mcps\MAK3R.Connectors.NetSuite\MAK3R.Connectors.NetSuite.csproj", "{B5A29BF2-492B-4144-B6A6-DA2541236B7A}"
EndProject
Project("{FAE04EC0-301F-11D3-BF4B-00C04F79EFBC}") = "MAK3R.Connectors.OPCUA", "mcps\MAK3R.Connectors.OPCUA\MAK3R.Connectors.OPCUA.csproj", "{B801F6BB-645D-4C8C-A896-A690211CBFB4}"
EndProject
Global
	GlobalSection(SolutionConfigurationPlatforms) = preSolution
		Debug|Any CPU = Debug|Any CPU
		Debug|x64 = Debug|x64
		Debug|x86 = Debug|x86
		Release|Any CPU = Release|Any CPU
		Release|x64 = Release|x64
		Release|x86 = Release|x86
	EndGlobalSection
	GlobalSection(ProjectConfigurationPlatforms) = postSolution
		{EBBDD105-4DFE-4F1C-B830-1E8CC82B76F6}.Debug|Any CPU.ActiveCfg = Debug|Any CPU
		{EBBDD105-4DFE-4F1C-B830-1E8CC82B76F6}.Debug|Any CPU.Build.0 = Debug|Any CPU
		{EBBDD105-4DFE-4F1C-B830-1E8CC82B76F6}.Debug|x64.ActiveCfg = Debug|Any CPU
		{EBBDD105-4DFE-4F1C-B830-1E8CC82B76F6}.Debug|x64.Build.0 = Debug|Any CPU
		{EBBDD105-4DFE-4F1C-B830-1E8CC82B76F6}.Debug|x86.ActiveCfg = Debug|Any CPU
		{EBBDD105-4DFE-4F1C-B830-1E8CC82B76F6}.Debug|x86.Build.0 = Debug|Any CPU
		{EBBDD105-4DFE-4F1C-B830-1E8CC82B76F6}.Release|Any CPU.ActiveCfg = Release|Any CPU
		{EBBDD105-4DFE-4F1C-B830-1E8CC82B76F6}.Release|Any CPU.Build.0 = Release|Any CPU
		{EBBDD105-4DFE-4F1C-B830-1E8CC82B76F6}.Release|x64.ActiveCfg = Release|Any CPU
		{EBBDD105-4DFE-4F1C-B830-1E8CC82B76F6}.Release|x64.Build.0 = Release|Any CPU
		{EBBDD105-4DFE-4F1C-B830-1E8CC82B76F6}.Release|x86.ActiveCfg = Release|Any CPU
		{EBBDD105-4DFE-4F1C-B830-1E8CC82B76F6}.Release|x86.Build.0 = Release|Any CPU
		{3CB57C15-6BBA-4121-9F3B-F70F2F5AA2DD}.Debug|Any CPU.ActiveCfg = Debug|Any CPU
		{3CB57C15-6BBA-4121-9F3B-F70F2F5AA2DD}.Debug|Any CPU.Build.0 = Debug|Any CPU
		{3CB57C15-6BBA-4121-9F3B-F70F2F5AA2DD}.Debug|x64.ActiveCfg = Debug|Any CPU
		{3CB57C15-6BBA-4121-9F3B-F70F2F5AA2DD}.Debug|x64.Build.0 = Debug|Any CPU
		{3CB57C15-6BBA-4121-9F3B-F70F2F5AA2DD}.Debug|x86.ActiveCfg = Debug|Any CPU
		{3CB57C15-6BBA-4121-9F3B-F70F2F5AA2DD}.Debug|x86.Build.0 = Debug|Any CPU
		{3CB57C15-6BBA-4121-9F3B-F70F2F5AA2DD}.Release|Any CPU.ActiveCfg = Release|Any CPU
		{3CB57C15-6BBA-4121-9F3B-F70F2F5AA2DD}.Release|Any CPU.Build.0 = Release|Any CPU
		{3CB57C15-6BBA-4121-9F3B-F70F2F5AA2DD}.Release|x64.ActiveCfg = Release|Any CPU
		{3CB57C15-6BBA-4121-9F3B-F70F2F5AA2DD}.Release|x64.Build.0 = Release|Any CPU
		{3CB57C15-6BBA-4121-9F3B-F70F2F5AA2DD}.Release|x86.ActiveCfg = Release|Any CPU
		{3CB57C15-6BBA-4121-9F3B-F70F2F5AA2DD}.Release|x86.Build.0 = Release|Any CPU
		{01D98CBE-624E-472B-A311-D1ADF7711E61}.Debug|Any CPU.ActiveCfg = Debug|Any CPU
		{01D98CBE-624E-472B-A311-D1ADF7711E61}.Debug|Any CPU.Build.0 = Debug|Any CPU
		{01D98CBE-624E-472B-A311-D1ADF7711E61}.Debug|x64.ActiveCfg = Debug|Any CPU
		{01D98CBE-624E-472B-A311-D1ADF7711E61}.Debug|x64.Build.0 = Debug|Any CPU
		{01D98CBE-624E-472B-A311-D1ADF7711E61}.Debug|x86.ActiveCfg = Debug|Any CPU
		{01D98CBE-624E-472B-A311-D1ADF7711E61}.Debug|x86.Build.0 = Debug|Any CPU
		{01D98CBE-624E-472B-A311-D1ADF7711E61}.Release|Any CPU.ActiveCfg = Release|Any CPU
		{01D98CBE-624E-472B-A311-D1ADF7711E61}.Release|Any CPU.Build.0 = Release|Any CPU
		{01D98CBE-624E-472B-A311-D1ADF7711E61}.Release|x64.ActiveCfg = Release|Any CPU
		{01D98CBE-624E-472B-A311-D1ADF7711E61}.Release|x64.Build.0 = Release|Any CPU
		{01D98CBE-624E-472B-A311-D1ADF7711E61}.Release|x86.ActiveCfg = Release|Any CPU
		{01D98CBE-624E-472B-A311-D1ADF7711E61}.Release|x86.Build.0 = Release|Any CPU
		{2C9C6774-DE68-4B0B-89F5-7AD0AAC77D91}.Debug|Any CPU.ActiveCfg = Debug|Any CPU
		{2C9C6774-DE68-4B0B-89F5-7AD0AAC77D91}.Debug|Any CPU.Build.0 = Debug|Any CPU
		{2C9C6774-DE68-4B0B-89F5-7AD0AAC77D91}.Debug|x64.ActiveCfg = Debug|Any CPU
		{2C9C6774-DE68-4B0B-89F5-7AD0AAC77D91}.Debug|x64.Build.0 = Debug|Any CPU
		{2C9C6774-DE68-4B0B-89F5-7AD0AAC77D91}.Debug|x86.ActiveCfg = Debug|Any CPU
		{2C9C6774-DE68-4B0B-89F5-7AD0AAC77D91}.Debug|x86.Build.0 = Debug|Any CPU
		{2C9C6774-DE68-4B0B-89F5-7AD0AAC77D91}.Release|Any CPU.ActiveCfg = Release|Any CPU
		{2C9C6774-DE68-4B0B-89F5-7AD0AAC77D91}.Release|Any CPU.Build.0 = Release|Any CPU
		{2C9C6774-DE68-4B0B-89F5-7AD0AAC77D91}.Release|x64.ActiveCfg = Release|Any CPU
		{2C9C6774-DE68-4B0B-89F5-7AD0AAC77D91}.Release|x64.Build.0 = Release|Any CPU
		{2C9C6774-DE68-4B0B-89F5-7AD0AAC77D91}.Release|x86.ActiveCfg = Release|Any CPU
		{2C9C6774-DE68-4B0B-89F5-7AD0AAC77D91}.Release|x86.Build.0 = Release|Any CPU
		{D33993F7-CE00-4D45-9C24-46AC9CE03BA5}.Debug|Any CPU.ActiveCfg = Debug|Any CPU
		{D33993F7-CE00-4D45-9C24-46AC9CE03BA5}.Debug|Any CPU.Build.0 = Debug|Any CPU
		{D33993F7-CE00-4D45-9C24-46AC9CE03BA5}.Debug|x64.ActiveCfg = Debug|Any CPU
		{D33993F7-CE00-4D45-9C24-46AC9CE03BA5}.Debug|x64.Build.0 = Debug|Any CPU
		{D33993F7-CE00-4D45-9C24-46AC9CE03BA5}.Debug|x86.ActiveCfg = Debug|Any CPU
		{D33993F7-CE00-4D45-9C24-46AC9CE03BA5}.Debug|x86.Build.0 = Debug|Any CPU
		{D33993F7-CE00-4D45-9C24-46AC9CE03BA5}.Release|Any CPU.ActiveCfg = Release|Any CPU
		{D33993F7-CE00-4D45-9C24-46AC9CE03BA5}.Release|Any CPU.Build.0 = Release|Any CPU
		{D33993F7-CE00-4D45-9C24-46AC9CE03BA5}.Release|x64.ActiveCfg = Release|Any CPU
		{D33993F7-CE00-4D45-9C24-46AC9CE03BA5}.Release|x64.Build.0 = Release|Any CPU
		{D33993F7-CE00-4D45-9C24-46AC9CE03BA5}.Release|x86.ActiveCfg = Release|Any CPU
		{D33993F7-CE00-4D45-9C24-46AC9CE03BA5}.Release|x86.Build.0 = Release|Any CPU
		{05C76F80-569E-4572-96E2-1AAD9669399D}.Debug|Any CPU.ActiveCfg = Debug|Any CPU
		{05C76F80-569E-4572-96E2-1AAD9669399D}.Debug|Any CPU.Build.0 = Debug|Any CPU
		{05C76F80-569E-4572-96E2-1AAD9669399D}.Debug|x64.ActiveCfg = Debug|Any CPU
		{05C76F80-569E-4572-96E2-1AAD9669399D}.Debug|x64.Build.0 = Debug|Any CPU
		{05C76F80-569E-4572-96E2-1AAD9669399D}.Debug|x86.ActiveCfg = Debug|Any CPU
		{05C76F80-569E-4572-96E2-1AAD9669399D}.Debug|x86.Build.0 = Debug|Any CPU
		{05C76F80-569E-4572-96E2-1AAD9669399D}.Release|Any CPU.ActiveCfg = Release|Any CPU
		{05C76F80-569E-4572-96E2-1AAD9669399D}.Release|Any CPU.Build.0 = Release|Any CPU
		{05C76F80-569E-4572-96E2-1AAD9669399D}.Release|x64.ActiveCfg = Release|Any CPU
		{05C76F80-569E-4572-96E2-1AAD9669399D}.Release|x64.Build.0 = Release|Any CPU
		{05C76F80-569E-4572-96E2-1AAD9669399D}.Release|x86.ActiveCfg = Release|Any CPU
		{05C76F80-569E-4572-96E2-1AAD9669399D}.Release|x86.Build.0 = Release|Any CPU
		{782495FF-7FF8-4ED6-B1DE-6882FC49A238}.Debug|Any CPU.ActiveCfg = Debug|Any CPU
		{782495FF-7FF8-4ED6-B1DE-6882FC49A238}.Debug|Any CPU.Build.0 = Debug|Any CPU
		{782495FF-7FF8-4ED6-B1DE-6882FC49A238}.Debug|x64.ActiveCfg = Debug|Any CPU
		{782495FF-7FF8-4ED6-B1DE-6882FC49A238}.Debug|x64.Build.0 = Debug|Any CPU
		{782495FF-7FF8-4ED6-B1DE-6882FC49A238}.Debug|x86.ActiveCfg = Debug|Any CPU
		{782495FF-7FF8-4ED6-B1DE-6882FC49A238}.Debug|x86.Build.0 = Debug|Any CPU
		{782495FF-7FF8-4ED6-B1DE-6882FC49A238}.Release|Any CPU.ActiveCfg = Release|Any CPU
		{782495FF-7FF8-4ED6-B1DE-6882FC49A238}.Release|Any CPU.Build.0 = Release|Any CPU
		{782495FF-7FF8-4ED6-B1DE-6882FC49A238}.Release|x64.ActiveCfg = Release|Any CPU
		{782495FF-7FF8-4ED6-B1DE-6882FC49A238}.Release|x64.Build.0 = Release|Any CPU
		{782495FF-7FF8-4ED6-B1DE-6882FC49A238}.Release|x86.ActiveCfg = Release|Any CPU
		{782495FF-7FF8-4ED6-B1DE-6882FC49A238}.Release|x86.Build.0 = Release|Any CPU
		{DCCFD1D6-C079-4256-A2BE-58C0A5EC4B25}.Debug|Any CPU.ActiveCfg = Debug|Any CPU
		{DCCFD1D6-C079-4256-A2BE-58C0A5EC4B25}.Debug|Any CPU.Build.0 = Debug|Any CPU
		{DCCFD1D6-C079-4256-A2BE-58C0A5EC4B25}.Debug|x64.ActiveCfg = Debug|Any CPU
		{DCCFD1D6-C079-4256-A2BE-58C0A5EC4B25}.Debug|x64.Build.0 = Debug|Any CPU
		{DCCFD1D6-C079-4256-A2BE-58C0A5EC4B25}.Debug|x86.ActiveCfg = Debug|Any CPU
		{DCCFD1D6-C079-4256-A2BE-58C0A5EC4B25}.Debug|x86.Build.0 = Debug|Any CPU
		{DCCFD1D6-C079-4256-A2BE-58C0A5EC4B25}.Release|Any CPU.ActiveCfg = Release|Any CPU
		{DCCFD1D6-C079-4256-A2BE-58C0A5EC4B25}.Release|Any CPU.Build.0 = Release|Any CPU
		{DCCFD1D6-C079-4256-A2BE-58C0A5EC4B25}.Release|x64.ActiveCfg = Release|Any CPU
		{DCCFD1D6-C079-4256-A2BE-58C0A5EC4B25}.Release|x64.Build.0 = Release|Any CPU
		{DCCFD1D6-C079-4256-A2BE-58C0A5EC4B25}.Release|x86.ActiveCfg = Release|Any CPU
		{DCCFD1D6-C079-4256-A2BE-58C0A5EC4B25}.Release|x86.Build.0 = Release|Any CPU
		{7B4478A3-B683-42BA-8BB5-F208CF17B16F}.Debug|Any CPU.ActiveCfg = Debug|Any CPU
		{7B4478A3-B683-42BA-8BB5-F208CF17B16F}.Debug|Any CPU.Build.0 = Debug|Any CPU
		{7B4478A3-B683-42BA-8BB5-F208CF17B16F}.Debug|x64.ActiveCfg = Debug|Any CPU
		{7B4478A3-B683-42BA-8BB5-F208CF17B16F}.Debug|x64.Build.0 = Debug|Any CPU
		{7B4478A3-B683-42BA-8BB5-F208CF17B16F}.Debug|x86.ActiveCfg = Debug|Any CPU
		{7B4478A3-B683-42BA-8BB5-F208CF17B16F}.Debug|x86.Build.0 = Debug|Any CPU
		{7B4478A3-B683-42BA-8BB5-F208CF17B16F}.Release|Any CPU.ActiveCfg = Release|Any CPU
		{7B4478A3-B683-42BA-8BB5-F208CF17B16F}.Release|Any CPU.Build.0 = Release|Any CPU
		{7B4478A3-B683-42BA-8BB5-F208CF17B16F}.Release|x64.ActiveCfg = Release|Any CPU
		{7B4478A3-B683-42BA-8BB5-F208CF17B16F}.Release|x64.Build.0 = Release|Any CPU
		{7B4478A3-B683-42BA-8BB5-F208CF17B16F}.Release|x86.ActiveCfg = Release|Any CPU
		{7B4478A3-B683-42BA-8BB5-F208CF17B16F}.Release|x86.Build.0 = Release|Any CPU
		{AD4724A4-70C0-47EF-A484-29FB292C3623}.Debug|Any CPU.ActiveCfg = Debug|Any CPU
		{AD4724A4-70C0-47EF-A484-29FB292C3623}.Debug|Any CPU.Build.0 = Debug|Any CPU
		{AD4724A4-70C0-47EF-A484-29FB292C3623}.Debug|x64.ActiveCfg = Debug|Any CPU
		{AD4724A4-70C0-47EF-A484-29FB292C3623}.Debug|x64.Build.0 = Debug|Any CPU
		{AD4724A4-70C0-47EF-A484-29FB292C3623}.Debug|x86.ActiveCfg = Debug|Any CPU
		{AD4724A4-70C0-47EF-A484-29FB292C3623}.Debug|x86.Build.0 = Debug|Any CPU
		{AD4724A4-70C0-47EF-A484-29FB292C3623}.Release|Any CPU.ActiveCfg = Release|Any CPU
		{AD4724A4-70C0-47EF-A484-29FB292C3623}.Release|Any CPU.Build.0 = Release|Any CPU
		{AD4724A4-70C0-47EF-A484-29FB292C3623}.Release|x64.ActiveCfg = Release|Any CPU
		{AD4724A4-70C0-47EF-A484-29FB292C3623}.Release|x64.Build.0 = Release|Any CPU
		{AD4724A4-70C0-47EF-A484-29FB292C3623}.Release|x86.ActiveCfg = Release|Any CPU
		{AD4724A4-70C0-47EF-A484-29FB292C3623}.Release|x86.Build.0 = Release|Any CPU
		{0ADE638C-B42A-42FF-AAE8-163060145E75}.Debug|Any CPU.ActiveCfg = Debug|Any CPU
		{0ADE638C-B42A-42FF-AAE8-163060145E75}.Debug|Any CPU.Build.0 = Debug|Any CPU
		{0ADE638C-B42A-42FF-AAE8-163060145E75}.Debug|x64.ActiveCfg = Debug|Any CPU
		{0ADE638C-B42A-42FF-AAE8-163060145E75}.Debug|x64.Build.0 = Debug|Any CPU
		{0ADE638C-B42A-42FF-AAE8-163060145E75}.Debug|x86.ActiveCfg = Debug|Any CPU
		{0ADE638C-B42A-42FF-AAE8-163060145E75}.Debug|x86.Build.0 = Debug|Any CPU
		{0ADE638C-B42A-42FF-AAE8-163060145E75}.Release|Any CPU.ActiveCfg = Release|Any CPU
		{0ADE638C-B42A-42FF-AAE8-163060145E75}.Release|Any CPU.Build.0 = Release|Any CPU
		{0ADE638C-B42A-42FF-AAE8-163060145E75}.Release|x64.ActiveCfg = Release|Any CPU
		{0ADE638C-B42A-42FF-AAE8-163060145E75}.Release|x64.Build.0 = Release|Any CPU
		{0ADE638C-B42A-42FF-AAE8-163060145E75}.Release|x86.ActiveCfg = Release|Any CPU
		{0ADE638C-B42A-42FF-AAE8-163060145E75}.Release|x86.Build.0 = Release|Any CPU
		{DFF8C6CA-933A-453B-889D-E8F219D3B89E}.Debug|Any CPU.ActiveCfg = Debug|Any CPU
		{DFF8C6CA-933A-453B-889D-E8F219D3B89E}.Debug|Any CPU.Build.0 = Debug|Any CPU
		{DFF8C6CA-933A-453B-889D-E8F219D3B89E}.Debug|x64.ActiveCfg = Debug|Any CPU
		{DFF8C6CA-933A-453B-889D-E8F219D3B89E}.Debug|x64.Build.0 = Debug|Any CPU
		{DFF8C6CA-933A-453B-889D-E8F219D3B89E}.Debug|x86.ActiveCfg = Debug|Any CPU
		{DFF8C6CA-933A-453B-889D-E8F219D3B89E}.Debug|x86.Build.0 = Debug|Any CPU
		{DFF8C6CA-933A-453B-889D-E8F219D3B89E}.Release|Any CPU.ActiveCfg = Release|Any CPU
		{DFF8C6CA-933A-453B-889D-E8F219D3B89E}.Release|Any CPU.Build.0 = Release|Any CPU
		{DFF8C6CA-933A-453B-889D-E8F219D3B89E}.Release|x64.ActiveCfg = Release|Any CPU
		{DFF8C6CA-933A-453B-889D-E8F219D3B89E}.Release|x64.Build.0 = Release|Any CPU
		{DFF8C6CA-933A-453B-889D-E8F219D3B89E}.Release|x86.ActiveCfg = Release|Any CPU
		{DFF8C6CA-933A-453B-889D-E8F219D3B89E}.Release|x86.Build.0 = Release|Any CPU
		{8FC5D922-2E1D-481A-AEC4-668867D74F18}.Debug|Any CPU.ActiveCfg = Debug|Any CPU
		{8FC5D922-2E1D-481A-AEC4-668867D74F18}.Debug|Any CPU.Build.0 = Debug|Any CPU
		{8FC5D922-2E1D-481A-AEC4-668867D74F18}.Debug|x64.ActiveCfg = Debug|Any CPU
		{8FC5D922-2E1D-481A-AEC4-668867D74F18}.Debug|x64.Build.0 = Debug|Any CPU
		{8FC5D922-2E1D-481A-AEC4-668867D74F18}.Debug|x86.ActiveCfg = Debug|Any CPU
		{8FC5D922-2E1D-481A-AEC4-668867D74F18}.Debug|x86.Build.0 = Debug|Any CPU
		{8FC5D922-2E1D-481A-AEC4-668867D74F18}.Release|Any CPU.ActiveCfg = Release|Any CPU
		{8FC5D922-2E1D-481A-AEC4-668867D74F18}.Release|Any CPU.Build.0 = Release|Any CPU
		{8FC5D922-2E1D-481A-AEC4-668867D74F18}.Release|x64.ActiveCfg = Release|Any CPU
		{8FC5D922-2E1D-481A-AEC4-668867D74F18}.Release|x64.Build.0 = Release|Any CPU
		{8FC5D922-2E1D-481A-AEC4-668867D74F18}.Release|x86.ActiveCfg = Release|Any CPU
		{8FC5D922-2E1D-481A-AEC4-668867D74F18}.Release|x86.Build.0 = Release|Any CPU
		{3190BBBE-7660-4199-BE02-58812FC60E14}.Debug|Any CPU.ActiveCfg = Debug|Any CPU
		{3190BBBE-7660-4199-BE02-58812FC60E14}.Debug|Any CPU.Build.0 = Debug|Any CPU
		{3190BBBE-7660-4199-BE02-58812FC60E14}.Debug|x64.ActiveCfg = Debug|Any CPU
		{3190BBBE-7660-4199-BE02-58812FC60E14}.Debug|x64.Build.0 = Debug|Any CPU
		{3190BBBE-7660-4199-BE02-58812FC60E14}.Debug|x86.ActiveCfg = Debug|Any CPU
		{3190BBBE-7660-4199-BE02-58812FC60E14}.Debug|x86.Build.0 = Debug|Any CPU
		{3190BBBE-7660-4199-BE02-58812FC60E14}.Release|Any CPU.ActiveCfg = Release|Any CPU
		{3190BBBE-7660-4199-BE02-58812FC60E14}.Release|Any CPU.Build.0 = Release|Any CPU
		{3190BBBE-7660-4199-BE02-58812FC60E14}.Release|x64.ActiveCfg = Release|Any CPU
		{3190BBBE-7660-4199-BE02-58812FC60E14}.Release|x64.Build.0 = Release|Any CPU
		{3190BBBE-7660-4199-BE02-58812FC60E14}.Release|x86.ActiveCfg = Release|Any CPU
		{3190BBBE-7660-4199-BE02-58812FC60E14}.Release|x86.Build.0 = Release|Any CPU
		{6C2AD26F-9397-4BA7-AEF7-BC9751F85FBB}.Debug|Any CPU.ActiveCfg = Debug|Any CPU
		{6C2AD26F-9397-4BA7-AEF7-BC9751F85FBB}.Debug|Any CPU.Build.0 = Debug|Any CPU
		{6C2AD26F-9397-4BA7-AEF7-BC9751F85FBB}.Debug|x64.ActiveCfg = Debug|Any CPU
		{6C2AD26F-9397-4BA7-AEF7-BC9751F85FBB}.Debug|x64.Build.0 = Debug|Any CPU
		{6C2AD26F-9397-4BA7-AEF7-BC9751F85FBB}.Debug|x86.ActiveCfg = Debug|Any CPU
		{6C2AD26F-9397-4BA7-AEF7-BC9751F85FBB}.Debug|x86.Build.0 = Debug|Any CPU
		{6C2AD26F-9397-4BA7-AEF7-BC9751F85FBB}.Release|Any CPU.ActiveCfg = Release|Any CPU
		{6C2AD26F-9397-4BA7-AEF7-BC9751F85FBB}.Release|Any CPU.Build.0 = Release|Any CPU
		{6C2AD26F-9397-4BA7-AEF7-BC9751F85FBB}.Release|x64.ActiveCfg = Release|Any CPU
		{6C2AD26F-9397-4BA7-AEF7-BC9751F85FBB}.Release|x64.Build.0 = Release|Any CPU
		{6C2AD26F-9397-4BA7-AEF7-BC9751F85FBB}.Release|x86.ActiveCfg = Release|Any CPU
		{6C2AD26F-9397-4BA7-AEF7-BC9751F85FBB}.Release|x86.Build.0 = Release|Any CPU
		{7F72B974-896D-488F-BB4B-69ABE265BD45}.Debug|Any CPU.ActiveCfg = Debug|Any CPU
		{7F72B974-896D-488F-BB4B-69ABE265BD45}.Debug|Any CPU.Build.0 = Debug|Any CPU
		{7F72B974-896D-488F-BB4B-69ABE265BD45}.Debug|x64.ActiveCfg = Debug|Any CPU
		{7F72B974-896D-488F-BB4B-69ABE265BD45}.Debug|x64.Build.0 = Debug|Any CPU
		{7F72B974-896D-488F-BB4B-69ABE265BD45}.Debug|x86.ActiveCfg = Debug|Any CPU
		{7F72B974-896D-488F-BB4B-69ABE265BD45}.Debug|x86.Build.0 = Debug|Any CPU
		{7F72B974-896D-488F-BB4B-69ABE265BD45}.Release|Any CPU.ActiveCfg = Release|Any CPU
		{7F72B974-896D-488F-BB4B-69ABE265BD45}.Release|Any CPU.Build.0 = Release|Any CPU
		{7F72B974-896D-488F-BB4B-69ABE265BD45}.Release|x64.ActiveCfg = Release|Any CPU
		{7F72B974-896D-488F-BB4B-69ABE265BD45}.Release|x64.Build.0 = Release|Any CPU
		{7F72B974-896D-488F-BB4B-69ABE265BD45}.Release|x86.ActiveCfg = Release|Any CPU
		{7F72B974-896D-488F-BB4B-69ABE265BD45}.Release|x86.Build.0 = Release|Any CPU
		{E8BB5FDE-1E5D-4E54-A058-0166F9AEE5CA}.Debug|Any CPU.ActiveCfg = Debug|Any CPU
		{E8BB5FDE-1E5D-4E54-A058-0166F9AEE5CA}.Debug|Any CPU.Build.0 = Debug|Any CPU
		{E8BB5FDE-1E5D-4E54-A058-0166F9AEE5CA}.Debug|x64.ActiveCfg = Debug|Any CPU
		{E8BB5FDE-1E5D-4E54-A058-0166F9AEE5CA}.Debug|x64.Build.0 = Debug|Any CPU
		{E8BB5FDE-1E5D-4E54-A058-0166F9AEE5CA}.Debug|x86.ActiveCfg = Debug|Any CPU
		{E8BB5FDE-1E5D-4E54-A058-0166F9AEE5CA}.Debug|x86.Build.0 = Debug|Any CPU
		{E8BB5FDE-1E5D-4E54-A058-0166F9AEE5CA}.Release|Any CPU.ActiveCfg = Release|Any CPU
		{E8BB5FDE-1E5D-4E54-A058-0166F9AEE5CA}.Release|Any CPU.Build.0 = Release|Any CPU
		{E8BB5FDE-1E5D-4E54-A058-0166F9AEE5CA}.Release|x64.ActiveCfg = Release|Any CPU
		{E8BB5FDE-1E5D-4E54-A058-0166F9AEE5CA}.Release|x64.Build.0 = Release|Any CPU
		{E8BB5FDE-1E5D-4E54-A058-0166F9AEE5CA}.Release|x86.ActiveCfg = Release|Any CPU
		{E8BB5FDE-1E5D-4E54-A058-0166F9AEE5CA}.Release|x86.Build.0 = Release|Any CPU
		{3675DAF6-05D0-409B-825A-CC47F3CF8B25}.Debug|Any CPU.ActiveCfg = Debug|Any CPU
		{3675DAF6-05D0-409B-825A-CC47F3CF8B25}.Debug|Any CPU.Build.0 = Debug|Any CPU
		{3675DAF6-05D0-409B-825A-CC47F3CF8B25}.Debug|x64.ActiveCfg = Debug|Any CPU
		{3675DAF6-05D0-409B-825A-CC47F3CF8B25}.Debug|x64.Build.0 = Debug|Any CPU
		{3675DAF6-05D0-409B-825A-CC47F3CF8B25}.Debug|x86.ActiveCfg = Debug|Any CPU
		{3675DAF6-05D0-409B-825A-CC47F3CF8B25}.Debug|x86.Build.0 = Debug|Any CPU
		{3675DAF6-05D0-409B-825A-CC47F3CF8B25}.Release|Any CPU.ActiveCfg = Release|Any CPU
		{3675DAF6-05D0-409B-825A-CC47F3CF8B25}.Release|Any CPU.Build.0 = Release|Any CPU
		{3675DAF6-05D0-409B-825A-CC47F3CF8B25}.Release|x64.ActiveCfg = Release|Any CPU
		{3675DAF6-05D0-409B-825A-CC47F3CF8B25}.Release|x64.Build.0 = Release|Any CPU
		{3675DAF6-05D0-409B-825A-CC47F3CF8B25}.Release|x86.ActiveCfg = Release|Any CPU
		{3675DAF6-05D0-409B-825A-CC47F3CF8B25}.Release|x86.Build.0 = Release|Any CPU
		{5E4B9F0A-21DC-432D-9EE9-30A9D51E1BEC}.Debug|Any CPU.ActiveCfg = Debug|Any CPU
		{5E4B9F0A-21DC-432D-9EE9-30A9D51E1BEC}.Debug|Any CPU.Build.0 = Debug|Any CPU
		{5E4B9F0A-21DC-432D-9EE9-30A9D51E1BEC}.Debug|x64.ActiveCfg = Debug|Any CPU
		{5E4B9F0A-21DC-432D-9EE9-30A9D51E1BEC}.Debug|x64.Build.0 = Debug|Any CPU
		{5E4B9F0A-21DC-432D-9EE9-30A9D51E1BEC}.Debug|x86.ActiveCfg = Debug|Any CPU
		{5E4B9F0A-21DC-432D-9EE9-30A9D51E1BEC}.Debug|x86.Build.0 = Debug|Any CPU
		{5E4B9F0A-21DC-432D-9EE9-30A9D51E1BEC}.Release|Any CPU.ActiveCfg = Release|Any CPU
		{5E4B9F0A-21DC-432D-9EE9-30A9D51E1BEC}.Release|Any CPU.Build.0 = Release|Any CPU
		{5E4B9F0A-21DC-432D-9EE9-30A9D51E1BEC}.Release|x64.ActiveCfg = Release|Any CPU
		{5E4B9F0A-21DC-432D-9EE9-30A9D51E1BEC}.Release|x64.Build.0 = Release|Any CPU
		{5E4B9F0A-21DC-432D-9EE9-30A9D51E1BEC}.Release|x86.ActiveCfg = Release|Any CPU
		{5E4B9F0A-21DC-432D-9EE9-30A9D51E1BEC}.Release|x86.Build.0 = Release|Any CPU
		{B5A29BF2-492B-4144-B6A6-DA2541236B7A}.Debug|Any CPU.ActiveCfg = Debug|Any CPU
		{B5A29BF2-492B-4144-B6A6-DA2541236B7A}.Debug|Any CPU.Build.0 = Debug|Any CPU
		{B5A29BF2-492B-4144-B6A6-DA2541236B7A}.Debug|x64.ActiveCfg = Debug|Any CPU
		{B5A29BF2-492B-4144-B6A6-DA2541236B7A}.Debug|x64.Build.0 = Debug|Any CPU
		{B5A29BF2-492B-4144-B6A6-DA2541236B7A}.Debug|x86.ActiveCfg = Debug|Any CPU
		{B5A29BF2-492B-4144-B6A6-DA2541236B7A}.Debug|x86.Build.0 = Debug|Any CPU
		{B5A29BF2-492B-4144-B6A6-DA2541236B7A}.Release|Any CPU.ActiveCfg = Release|Any CPU
		{B5A29BF2-492B-4144-B6A6-DA2541236B7A}.Release|Any CPU.Build.0 = Release|Any CPU
		{B5A29BF2-492B-4144-B6A6-DA2541236B7A}.Release|x64.ActiveCfg = Release|Any CPU
		{B5A29BF2-492B-4144-B6A6-DA2541236B7A}.Release|x64.Build.0 = Release|Any CPU
		{B5A29BF2-492B-4144-B6A6-DA2541236B7A}.Release|x86.ActiveCfg = Release|Any CPU
		{B5A29BF2-492B-4144-B6A6-DA2541236B7A}.Release|x86.Build.0 = Release|Any CPU
		{B801F6BB-645D-4C8C-A896-A690211CBFB4}.Debug|Any CPU.ActiveCfg = Debug|Any CPU
		{B801F6BB-645D-4C8C-A896-A690211CBFB4}.Debug|Any CPU.Build.0 = Debug|Any CPU
		{B801F6BB-645D-4C8C-A896-A690211CBFB4}.Debug|x64.ActiveCfg = Debug|Any CPU
		{B801F6BB-645D-4C8C-A896-A690211CBFB4}.Debug|x64.Build.0 = Debug|Any CPU
		{B801F6BB-645D-4C8C-A896-A690211CBFB4}.Debug|x86.ActiveCfg = Debug|Any CPU
		{B801F6BB-645D-4C8C-A896-A690211CBFB4}.Debug|x86.Build.0 = Debug|Any CPU
		{B801F6BB-645D-4C8C-A896-A690211CBFB4}.Release|Any CPU.ActiveCfg = Release|Any CPU
		{B801F6BB-645D-4C8C-A896-A690211CBFB4}.Release|Any CPU.Build.0 = Release|Any CPU
		{B801F6BB-645D-4C8C-A896-A690211CBFB4}.Release|x64.ActiveCfg = Release|Any CPU
		{B801F6BB-645D-4C8C-A896-A690211CBFB4}.Release|x64.Build.0 = Release|Any CPU
		{B801F6BB-645D-4C8C-A896-A690211CBFB4}.Release|x86.ActiveCfg = Release|Any CPU
		{B801F6BB-645D-4C8C-A896-A690211CBFB4}.Release|x86.Build.0 = Release|Any CPU
	EndGlobalSection
	GlobalSection(SolutionProperties) = preSolution
		HideSolutionNode = FALSE
	EndGlobalSection
	GlobalSection(NestedProjects) = preSolution
		{EBBDD105-4DFE-4F1C-B830-1E8CC82B76F6} = {1787FE1D-075E-9E68-7218-25F1BD1BBEAB}
		{3CB57C15-6BBA-4121-9F3B-F70F2F5AA2DD} = {1787FE1D-075E-9E68-7218-25F1BD1BBEAB}
		{01D98CBE-624E-472B-A311-D1ADF7711E61} = {1787FE1D-075E-9E68-7218-25F1BD1BBEAB}
		{2C9C6774-DE68-4B0B-89F5-7AD0AAC77D91} = {6C4D298B-81FB-2B6B-5AB6-46205EDDC72C}
		{D33993F7-CE00-4D45-9C24-46AC9CE03BA5} = {6C4D298B-81FB-2B6B-5AB6-46205EDDC72C}
		{05C76F80-569E-4572-96E2-1AAD9669399D} = {6C4D298B-81FB-2B6B-5AB6-46205EDDC72C}
		{782495FF-7FF8-4ED6-B1DE-6882FC49A238} = {6C4D298B-81FB-2B6B-5AB6-46205EDDC72C}
		{DCCFD1D6-C079-4256-A2BE-58C0A5EC4B25} = {6C4D298B-81FB-2B6B-5AB6-46205EDDC72C}
		{7B4478A3-B683-42BA-8BB5-F208CF17B16F} = {6C4D298B-81FB-2B6B-5AB6-46205EDDC72C}
		{AD4724A4-70C0-47EF-A484-29FB292C3623} = {6C4D298B-81FB-2B6B-5AB6-46205EDDC72C}
		{0ADE638C-B42A-42FF-AAE8-163060145E75} = {6C4D298B-81FB-2B6B-5AB6-46205EDDC72C}
		{DFF8C6CA-933A-453B-889D-E8F219D3B89E} = {6C4D298B-81FB-2B6B-5AB6-46205EDDC72C}
		{8FC5D922-2E1D-481A-AEC4-668867D74F18} = {6C4D298B-81FB-2B6B-5AB6-46205EDDC72C}
		{3190BBBE-7660-4199-BE02-58812FC60E14} = {0AB3BF05-4346-4AA6-1389-037BE0695223}
		{6C2AD26F-9397-4BA7-AEF7-BC9751F85FBB} = {0AB3BF05-4346-4AA6-1389-037BE0695223}
		{7F72B974-896D-488F-BB4B-69ABE265BD45} = {0AB3BF05-4346-4AA6-1389-037BE0695223}
		{E8BB5FDE-1E5D-4E54-A058-0166F9AEE5CA} = {77DA436F-B913-54C6-4512-50CB3401CD86}
		{3675DAF6-05D0-409B-825A-CC47F3CF8B25} = {77DA436F-B913-54C6-4512-50CB3401CD86}
		{5E4B9F0A-21DC-432D-9EE9-30A9D51E1BEC} = {77DA436F-B913-54C6-4512-50CB3401CD86}
		{B5A29BF2-492B-4144-B6A6-DA2541236B7A} = {77DA436F-B913-54C6-4512-50CB3401CD86}
		{B801F6BB-645D-4C8C-A896-A690211CBFB4} = {77DA436F-B913-54C6-4512-50CB3401CD86}
	EndGlobalSection
EndGlobal
